
Microsoft Visual Studio Solution File, Format Version 12.00
# Visual Studio Version 17
VisualStudioVersion = 17.0.32014.148
MinimumVisualStudioVersion = 10.0.40219.1
Project("{2150E333-8FDC-42A3-9474-1A3956D46DE8}") = "Solution Items", "Solution Items", "{AD9704D5-65CD-48E6-AF6F-8CEE74477ADD}"
	ProjectSection(SolutionItems) = preProject
		.editorconfig = .editorconfig
		.gitattributes = .gitattributes
		.gitignore = .gitignore
		Directory.Build.props = Directory.Build.props
		GlobalSuppressions.cs = GlobalSuppressions.cs
		LICENSE = LICENSE
		README.md = README.md
	EndProjectSection
EndProject
Project("{D954291E-2A0B-460D-934E-DC6B0785DB48}") = ".Common", "Common\.Common.shproj", "{EECB6271-93FD-4172-BFDD-33E3F169F8E7}"
EndProject
Project("{9A19103F-16F7-4668-BE54-9A1E7A4F7556}") = "GarbageDay", "GarbageDay\GarbageDay.csproj", "{DEFCE9F7-0B61-4DB9-A3D5-794190E4B4E0}"
EndProject
Project("{9A19103F-16F7-4668-BE54-9A1E7A4F7556}") = "BetterChests", "BetterChests\BetterChests.csproj", "{8CEAB902-D2AB-4802-82E9-F4A6AB718BF4}"
EndProject
Project("{9A19103F-16F7-4668-BE54-9A1E7A4F7556}") = "EasyAccess", "EasyAccess\EasyAccess.csproj", "{774ACD31-6138-4707-A747-8C8E35519FC3}"
EndProject
Project("{9A19103F-16F7-4668-BE54-9A1E7A4F7556}") = "TooManyAnimals", "TooManyAnimals\TooManyAnimals.csproj", "{5117CCBA-8EF7-4A6A-8D76-8C254776BBF8}"
EndProject
Project("{9A19103F-16F7-4668-BE54-9A1E7A4F7556}") = "ToolbarIcons", "ToolbarIcons\ToolbarIcons.csproj", "{DA49490D-32DD-4EF1-8F1E-66A5FA68AEB6}"
EndProject
Project("{9A19103F-16F7-4668-BE54-9A1E7A4F7556}") = "SmackDatScarecrow", "SmackDatScarecrow\SmackDatScarecrow.csproj", "{66F2B279-351B-499C-826B-A885C2255334}"
EndProject
Project("{9A19103F-16F7-4668-BE54-9A1E7A4F7556}") = "ExpandedStorage", "ExpandedStorage\ExpandedStorage.csproj", "{9DE51A63-31AC-4678-9D40-F9351844BEA8}"
EndProject
Project("{9A19103F-16F7-4668-BE54-9A1E7A4F7556}") = "HelpfulSpouses", "HelpfulSpouses\HelpfulSpouses.csproj", "{AA4CEF05-E3DA-45B8-80AD-E54BA33CE950}"
EndProject
Project("{9A19103F-16F7-4668-BE54-9A1E7A4F7556}") = "CustomBush", "CustomBush\CustomBush.csproj", "{FDE06CE1-FFE3-496A-A482-7E9CD1C7808D}"
EndProject
Project("{9A19103F-16F7-4668-BE54-9A1E7A4F7556}") = "FuryCore", "FuryCore\FuryCore.csproj", "{86D15779-C8A5-49C9-8ECD-530298893A52}"
EndProject
Global
	GlobalSection(SolutionConfigurationPlatforms) = preSolution
		Debug|Any CPU = Debug|Any CPU
		Release|Any CPU = Release|Any CPU
	EndGlobalSection
	GlobalSection(ProjectConfigurationPlatforms) = postSolution
		{DEFCE9F7-0B61-4DB9-A3D5-794190E4B4E0}.Debug|Any CPU.ActiveCfg = Debug|Any CPU
		{DEFCE9F7-0B61-4DB9-A3D5-794190E4B4E0}.Debug|Any CPU.Build.0 = Debug|Any CPU
		{DEFCE9F7-0B61-4DB9-A3D5-794190E4B4E0}.Release|Any CPU.ActiveCfg = Release|Any CPU
		{DEFCE9F7-0B61-4DB9-A3D5-794190E4B4E0}.Release|Any CPU.Build.0 = Release|Any CPU
		{8CEAB902-D2AB-4802-82E9-F4A6AB718BF4}.Debug|Any CPU.ActiveCfg = Debug|Any CPU
		{8CEAB902-D2AB-4802-82E9-F4A6AB718BF4}.Debug|Any CPU.Build.0 = Debug|Any CPU
		{8CEAB902-D2AB-4802-82E9-F4A6AB718BF4}.Release|Any CPU.ActiveCfg = Release|Any CPU
		{8CEAB902-D2AB-4802-82E9-F4A6AB718BF4}.Release|Any CPU.Build.0 = Release|Any CPU
		{774ACD31-6138-4707-A747-8C8E35519FC3}.Debug|Any CPU.ActiveCfg = Debug|Any CPU
		{774ACD31-6138-4707-A747-8C8E35519FC3}.Debug|Any CPU.Build.0 = Debug|Any CPU
		{774ACD31-6138-4707-A747-8C8E35519FC3}.Release|Any CPU.ActiveCfg = Release|Any CPU
		{774ACD31-6138-4707-A747-8C8E35519FC3}.Release|Any CPU.Build.0 = Release|Any CPU
		{5117CCBA-8EF7-4A6A-8D76-8C254776BBF8}.Debug|Any CPU.ActiveCfg = Debug|Any CPU
		{5117CCBA-8EF7-4A6A-8D76-8C254776BBF8}.Debug|Any CPU.Build.0 = Debug|Any CPU
		{5117CCBA-8EF7-4A6A-8D76-8C254776BBF8}.Release|Any CPU.ActiveCfg = Release|Any CPU
		{5117CCBA-8EF7-4A6A-8D76-8C254776BBF8}.Release|Any CPU.Build.0 = Release|Any CPU
		{DA49490D-32DD-4EF1-8F1E-66A5FA68AEB6}.Debug|Any CPU.ActiveCfg = Debug|Any CPU
		{DA49490D-32DD-4EF1-8F1E-66A5FA68AEB6}.Debug|Any CPU.Build.0 = Debug|Any CPU
		{DA49490D-32DD-4EF1-8F1E-66A5FA68AEB6}.Release|Any CPU.ActiveCfg = Release|Any CPU
		{DA49490D-32DD-4EF1-8F1E-66A5FA68AEB6}.Release|Any CPU.Build.0 = Release|Any CPU
		{66F2B279-351B-499C-826B-A885C2255334}.Debug|Any CPU.ActiveCfg = Debug|Any CPU
		{66F2B279-351B-499C-826B-A885C2255334}.Debug|Any CPU.Build.0 = Debug|Any CPU
		{66F2B279-351B-499C-826B-A885C2255334}.Release|Any CPU.ActiveCfg = Release|Any CPU
		{66F2B279-351B-499C-826B-A885C2255334}.Release|Any CPU.Build.0 = Release|Any CPU
		{9DE51A63-31AC-4678-9D40-F9351844BEA8}.Debug|Any CPU.ActiveCfg = Debug|Any CPU
		{9DE51A63-31AC-4678-9D40-F9351844BEA8}.Debug|Any CPU.Build.0 = Debug|Any CPU
		{9DE51A63-31AC-4678-9D40-F9351844BEA8}.Release|Any CPU.ActiveCfg = Release|Any CPU
		{9DE51A63-31AC-4678-9D40-F9351844BEA8}.Release|Any CPU.Build.0 = Release|Any CPU
		{AA4CEF05-E3DA-45B8-80AD-E54BA33CE950}.Debug|Any CPU.ActiveCfg = Debug|Any CPU
		{AA4CEF05-E3DA-45B8-80AD-E54BA33CE950}.Debug|Any CPU.Build.0 = Debug|Any CPU
		{AA4CEF05-E3DA-45B8-80AD-E54BA33CE950}.Release|Any CPU.ActiveCfg = Release|Any CPU
		{AA4CEF05-E3DA-45B8-80AD-E54BA33CE950}.Release|Any CPU.Build.0 = Release|Any CPU
		{FDE06CE1-FFE3-496A-A482-7E9CD1C7808D}.Debug|Any CPU.ActiveCfg = Debug|Any CPU
		{FDE06CE1-FFE3-496A-A482-7E9CD1C7808D}.Debug|Any CPU.Build.0 = Debug|Any CPU
		{FDE06CE1-FFE3-496A-A482-7E9CD1C7808D}.Release|Any CPU.ActiveCfg = Release|Any CPU
		{FDE06CE1-FFE3-496A-A482-7E9CD1C7808D}.Release|Any CPU.Build.0 = Release|Any CPU
		{86D15779-C8A5-49C9-8ECD-530298893A52}.Debug|Any CPU.ActiveCfg = Debug|Any CPU
		{86D15779-C8A5-49C9-8ECD-530298893A52}.Debug|Any CPU.Build.0 = Debug|Any CPU
		{86D15779-C8A5-49C9-8ECD-530298893A52}.Release|Any CPU.ActiveCfg = Release|Any CPU
		{86D15779-C8A5-49C9-8ECD-530298893A52}.Release|Any CPU.Build.0 = Release|Any CPU
	EndGlobalSection
	GlobalSection(SolutionProperties) = preSolution
		HideSolutionNode = FALSE
	EndGlobalSection
	GlobalSection(ExtensibilityGlobals) = postSolution
		SolutionGuid = {872F34DC-E657-4732-ABCE-D08C2298FB75}
	EndGlobalSection
	GlobalSection(SharedMSBuildProjectFiles) = preSolution
		Common\Common.projitems*{5117ccba-8ef7-4a6a-8d76-8c254776bbf8}*SharedItemsImports = 5
		Common\Common.projitems*{66f2b279-351b-499c-826b-a885c2255334}*SharedItemsImports = 5
		Common\Common.projitems*{774acd31-6138-4707-a747-8c8e35519fc3}*SharedItemsImports = 5
		Common\Common.projitems*{8ceab902-d2ab-4802-82e9-f4a6ab718bf4}*SharedItemsImports = 5
		Common\Common.projitems*{9de51a63-31ac-4678-9d40-f9351844bea8}*SharedItemsImports = 5
		Common\Common.projitems*{aa4cef05-e3da-45b8-80ad-e54ba33ce950}*SharedItemsImports = 5
		Common\Common.projitems*{da49490d-32dd-4ef1-8f1e-66a5fa68aeb6}*SharedItemsImports = 5
		Common\Common.projitems*{defce9f7-0b61-4db9-a3d5-794190e4b4e0}*SharedItemsImports = 5
		Common\Common.projitems*{eecb6271-93fd-4172-bfdd-33e3f169f8e7}*SharedItemsImports = 13
		Common\Common.projitems*{fde06ce1-ffe3-496a-a482-7e9cd1c7808d}*SharedItemsImports = 5
	EndGlobalSection
EndGlobal
